// !$*UTF8*$!
{
	archiveVersion = 1;
	classes = {
	};
	objectVersion = 52;
	objects = {

/* Begin PBXBuildFile section */
		B95BC0A32444B2DE0097565D /* RatingView.swift in Sources */ = {isa = PBXBuildFile; fileRef = B95BC0A22444B2DD0097565D /* RatingView.swift */; };
		B95E2513244260A600CEC4ED /* AppDelegate.swift in Sources */ = {isa = PBXBuildFile; fileRef = B95E2512244260A600CEC4ED /* AppDelegate.swift */; };
		B95E2515244260A600CEC4ED /* SceneDelegate.swift in Sources */ = {isa = PBXBuildFile; fileRef = B95E2514244260A600CEC4ED /* SceneDelegate.swift */; };
		B95E2518244260A600CEC4ED /* Bookworm.xcdatamodeld in Sources */ = {isa = PBXBuildFile; fileRef = B95E2516244260A600CEC4ED /* Bookworm.xcdatamodeld */; };
		B95E251A244260A600CEC4ED /* ContentView.swift in Sources */ = {isa = PBXBuildFile; fileRef = B95E2519244260A600CEC4ED /* ContentView.swift */; };
		B95E251C244260AE00CEC4ED /* Assets.xcassets in Resources */ = {isa = PBXBuildFile; fileRef = B95E251B244260AE00CEC4ED /* Assets.xcassets */; };
		B95E251F244260AE00CEC4ED /* Preview Assets.xcassets in Resources */ = {isa = PBXBuildFile; fileRef = B95E251E244260AE00CEC4ED /* Preview Assets.xcassets */; };
		B95E2522244260AF00CEC4ED /* LaunchScreen.storyboard in Resources */ = {isa = PBXBuildFile; fileRef = B95E2520244260AF00CEC4ED /* LaunchScreen.storyboard */; };
		B95E252B2442EEFF00CEC4ED /* CoreDataKit in Frameworks */ = {isa = PBXBuildFile; productRef = B95E252A2442EEFF00CEC4ED /* CoreDataKit */; };
		B9DC254A244582B8002999AB /* EmojiRatingView.swift in Sources */ = {isa = PBXBuildFile; fileRef = B9DC2549244582B8002999AB /* EmojiRatingView.swift */; };
		B9E5C82D2445D469006E17F2 /* DetailView.swift in Sources */ = {isa = PBXBuildFile; fileRef = B9E5C82C2445D469006E17F2 /* DetailView.swift */; };
		B9F019162444319800E74DB4 /* AddBookView.swift in Sources */ = {isa = PBXBuildFile; fileRef = B9F019152444319800E74DB4 /* AddBookView.swift */; };
/* End PBXBuildFile section */

/* Begin PBXFileReference section */
		B95BC0A22444B2DD0097565D /* RatingView.swift */ = {isa = PBXFileReference; lastKnownFileType = sourcecode.swift; path = RatingView.swift; sourceTree = "<group>"; };
		B95E250F244260A600CEC4ED /* Bookworm.app */ = {isa = PBXFileReference; explicitFileType = wrapper.application; includeInIndex = 0; path = Bookworm.app; sourceTree = BUILT_PRODUCTS_DIR; };
		B95E2512244260A600CEC4ED /* AppDelegate.swift */ = {isa = PBXFileReference; lastKnownFileType = sourcecode.swift; path = AppDelegate.swift; sourceTree = "<group>"; };
		B95E2514244260A600CEC4ED /* SceneDelegate.swift */ = {isa = PBXFileReference; lastKnownFileType = sourcecode.swift; path = SceneDelegate.swift; sourceTree = "<group>"; };
		B95E2517244260A600CEC4ED /* Bookworm.xcdatamodel */ = {isa = PBXFileReference; lastKnownFileType = wrapper.xcdatamodel; path = Bookworm.xcdatamodel; sourceTree = "<group>"; };
		B95E2519244260A600CEC4ED /* ContentView.swift */ = {isa = PBXFileReference; lastKnownFileType = sourcecode.swift; path = ContentView.swift; sourceTree = "<group>"; };
		B95E251B244260AE00CEC4ED /* Assets.xcassets */ = {isa = PBXFileReference; lastKnownFileType = folder.assetcatalog; path = Assets.xcassets; sourceTree = "<group>"; };
		B95E251E244260AE00CEC4ED /* Preview Assets.xcassets */ = {isa = PBXFileReference; lastKnownFileType = folder.assetcatalog; path = "Preview Assets.xcassets"; sourceTree = "<group>"; };
		B95E2521244260AF00CEC4ED /* Base */ = {isa = PBXFileReference; lastKnownFileType = file.storyboard; name = Base; path = Base.lproj/LaunchScreen.storyboard; sourceTree = "<group>"; };
		B95E2523244260AF00CEC4ED /* Info.plist */ = {isa = PBXFileReference; lastKnownFileType = text.plist.xml; path = Info.plist; sourceTree = "<group>"; };
		B9DC2549244582B8002999AB /* EmojiRatingView.swift */ = {isa = PBXFileReference; lastKnownFileType = sourcecode.swift; path = EmojiRatingView.swift; sourceTree = "<group>"; };
		B9E5C82C2445D469006E17F2 /* DetailView.swift */ = {isa = PBXFileReference; lastKnownFileType = sourcecode.swift; path = DetailView.swift; sourceTree = "<group>"; };
		B9F019152444319800E74DB4 /* AddBookView.swift */ = {isa = PBXFileReference; lastKnownFileType = sourcecode.swift; path = AddBookView.swift; sourceTree = "<group>"; };
/* End PBXFileReference section */

/* Begin PBXFrameworksBuildPhase section */
		B95E250C244260A600CEC4ED /* Frameworks */ = {
			isa = PBXFrameworksBuildPhase;
			buildActionMask = 2147483647;
			files = (
				B95E252B2442EEFF00CEC4ED /* CoreDataKit in Frameworks */,
			);
			runOnlyForDeploymentPostprocessing = 0;
		};
/* End PBXFrameworksBuildPhase section */

/* Begin PBXGroup section */
		B95E2506244260A600CEC4ED = {
			isa = PBXGroup;
			children = (
				B95E2511244260A600CEC4ED /* Bookworm */,
				B95E2510244260A600CEC4ED /* Products */,
			);
			sourceTree = "<group>";
		};
		B95E2510244260A600CEC4ED /* Products */ = {
			isa = PBXGroup;
			children = (
				B95E250F244260A600CEC4ED /* Bookworm.app */,
			);
			name = Products;
			sourceTree = "<group>";
		};
		B95E2511244260A600CEC4ED /* Bookworm */ = {
			isa = PBXGroup;
			children = (
				B95E2512244260A600CEC4ED /* AppDelegate.swift */,
				B95E2514244260A600CEC4ED /* SceneDelegate.swift */,
				B95E2519244260A600CEC4ED /* ContentView.swift */,
				B9F019152444319800E74DB4 /* AddBookView.swift */,
				B95BC0A22444B2DD0097565D /* RatingView.swift */,
				B9DC2549244582B8002999AB /* EmojiRatingView.swift */,
				B9E5C82C2445D469006E17F2 /* DetailView.swift */,
				B95E251B244260AE00CEC4ED /* Assets.xcassets */,
				B95E2520244260AF00CEC4ED /* LaunchScreen.storyboard */,
				B95E2523244260AF00CEC4ED /* Info.plist */,
				B95E2516244260A600CEC4ED /* Bookworm.xcdatamodeld */,
				B95E251D244260AE00CEC4ED /* Preview Content */,
			);
			path = Bookworm;
			sourceTree = "<group>";
		};
		B95E251D244260AE00CEC4ED /* Preview Content */ = {
			isa = PBXGroup;
			children = (
				B95E251E244260AE00CEC4ED /* Preview Assets.xcassets */,
			);
			path = "Preview Content";
			sourceTree = "<group>";
		};
/* End PBXGroup section */

/* Begin PBXNativeTarget section */
		B95E250E244260A600CEC4ED /* Bookworm */ = {
			isa = PBXNativeTarget;
			buildConfigurationList = B95E2526244260AF00CEC4ED /* Build configuration list for PBXNativeTarget "Bookworm" */;
			buildPhases = (
				B95E250B244260A600CEC4ED /* Sources */,
				B95E250C244260A600CEC4ED /* Frameworks */,
				B95E250D244260A600CEC4ED /* Resources */,
			);
			buildRules = (
			);
			dependencies = (
			);
			name = Bookworm;
			packageProductDependencies = (
				B95E252A2442EEFF00CEC4ED /* CoreDataKit */,
			);
			productName = Bookworm;
			productReference = B95E250F244260A600CEC4ED /* Bookworm.app */;
			productType = "com.apple.product-type.application";
		};
/* End PBXNativeTarget section */

/* Begin PBXProject section */
		B95E2507244260A600CEC4ED /* Project object */ = {
			isa = PBXProject;
			attributes = {
				LastSwiftUpdateCheck = 1120;
				LastUpgradeCheck = 1120;
				ORGANIZATIONNAME = "slava bily";
				TargetAttributes = {
					B95E250E244260A600CEC4ED = {
						CreatedOnToolsVersion = 11.2.1;
					};
				};
			};
			buildConfigurationList = B95E250A244260A600CEC4ED /* Build configuration list for PBXProject "Bookworm" */;
			compatibilityVersion = "Xcode 9.3";
			developmentRegion = en;
			hasScannedForEncodings = 0;
			knownRegions = (
				en,
				Base,
			);
			mainGroup = B95E2506244260A600CEC4ED;
			packageReferences = (
				B95E25292442EEFF00CEC4ED /* XCRemoteSwiftPackageReference "CoreDataKit" */,
			);
			productRefGroup = B95E2510244260A600CEC4ED /* Products */;
			projectDirPath = "";
			projectRoot = "";
			targets = (
				B95E250E244260A600CEC4ED /* Bookworm */,
			);
		};
/* End PBXProject section */

/* Begin PBXResourcesBuildPhase section */
		B95E250D244260A600CEC4ED /* Resources */ = {
			isa = PBXResourcesBuildPhase;
			buildActionMask = 2147483647;
			files = (
				B95E2522244260AF00CEC4ED /* LaunchScreen.storyboard in Resources */,
				B95E251F244260AE00CEC4ED /* Preview Assets.xcassets in Resources */,
				B95E251C244260AE00CEC4ED /* Assets.xcassets in Resources */,
			);
			runOnlyForDeploymentPostprocessing = 0;
		};
/* End PBXResourcesBuildPhase section */

/* Begin PBXSourcesBuildPhase section */
		B95E250B244260A600CEC4ED /* Sources */ = {
			isa = PBXSourcesBuildPhase;
			buildActionMask = 2147483647;
			files = (
				B95E2513244260A600CEC4ED /* AppDelegate.swift in Sources */,
				B9E5C82D2445D469006E17F2 /* DetailView.swift in Sources */,
				B95E2518244260A600CEC4ED /* Bookworm.xcdatamodeld in Sources */,
				B9DC254A244582B8002999AB /* EmojiRatingView.swift in Sources */,
				B95E251A244260A600CEC4ED /* ContentView.swift in Sources */,
				B95BC0A32444B2DE0097565D /* RatingView.swift in Sources */,
				B95E2515244260A600CEC4ED /* SceneDelegate.swift in Sources */,
				B9F019162444319800E74DB4 /* AddBookView.swift in Sources */,
			);
			runOnlyForDeploymentPostprocessing = 0;
		};
/* End PBXSourcesBuildPhase section */

/* Begin PBXVariantGroup section */
		B95E2520244260AF00CEC4ED /* LaunchScreen.storyboard */ = {
			isa = PBXVariantGroup;
			children = (
				B95E2521244260AF00CEC4ED /* Base */,
			);
			name = LaunchScreen.storyboard;
			sourceTree = "<group>";
		};
/* End PBXVariantGroup section */

/* Begin XCBuildConfiguration section */
		B95E2524244260AF00CEC4ED /* Debug */ = {
			isa = XCBuildConfiguration;
			buildSettings = {
				ALWAYS_SEARCH_USER_PATHS = NO;
				CLANG_ANALYZER_NONNULL = YES;
				CLANG_ANALYZER_NUMBER_OBJECT_CONVERSION = YES_AGGRESSIVE;
				CLANG_CXX_LANGUAGE_STANDARD = "gnu++14";
				CLANG_CXX_LIBRARY = "libc++";
				CLANG_ENABLE_MODULES = YES;
				CLANG_ENABLE_OBJC_ARC = YES;
				CLANG_ENABLE_OBJC_WEAK = YES;
				CLANG_WARN_BLOCK_CAPTURE_AUTORELEASING = YES;
				CLANG_WARN_BOOL_CONVERSION = YES;
				CLANG_WARN_COMMA = YES;
				CLANG_WARN_CONSTANT_CONVERSION = YES;
				CLANG_WARN_DEPRECATED_OBJC_IMPLEMENTATIONS = YES;
				CLANG_WARN_DIRECT_OBJC_ISA_USAGE = YES_ERROR;
				CLANG_WARN_DOCUMENTATION_COMMENTS = YES;
				CLANG_WARN_EMPTY_BODY = YES;
				CLANG_WARN_ENUM_CONVERSION = YES;
				CLANG_WARN_INFINITE_RECURSION = YES;
				CLANG_WARN_INT_CONVERSION = YES;
				CLANG_WARN_NON_LITERAL_NULL_CONVERSION = YES;
				CLANG_WARN_OBJC_IMPLICIT_RETAIN_SELF = YES;
				CLANG_WARN_OBJC_LITERAL_CONVERSION = YES;
				CLANG_WARN_OBJC_ROOT_CLASS = YES_ERROR;
				CLANG_WARN_RANGE_LOOP_ANALYSIS = YES;
				CLANG_WARN_STRICT_PROTOTYPES = YES;
				CLANG_WARN_SUSPICIOUS_MOVE = YES;
				CLANG_WARN_UNGUARDED_AVAILABILITY = YES_AGGRESSIVE;
				CLANG_WARN_UNREACHABLE_CODE = YES;
				CLANG_WARN__DUPLICATE_METHOD_MATCH = YES;
				COPY_PHASE_STRIP = NO;
				DEBUG_INFORMATION_FORMAT = dwarf;
				ENABLE_STRICT_OBJC_MSGSEND = YES;
				ENABLE_TESTABILITY = YES;
				GCC_C_LANGUAGE_STANDARD = gnu11;
				GCC_DYNAMIC_NO_PIC = NO;
				GCC_NO_COMMON_BLOCKS = YES;
				GCC_OPTIMIZATION_LEVEL = 0;
				GCC_PREPROCESSOR_DEFINITIONS = (
					"DEBUG=1",
					"$(inherited)",
				);
				GCC_WARN_64_TO_32_BIT_CONVERSION = YES;
				GCC_WARN_ABOUT_RETURN_TYPE = YES_ERROR;
				GCC_WARN_UNDECLARED_SELECTOR = YES;
				GCC_WARN_UNINITIALIZED_AUTOS = YES_AGGRESSIVE;
				GCC_WARN_UNUSED_FUNCTION = YES;
				GCC_WARN_UNUSED_VARIABLE = YES;
				IPHONEOS_DEPLOYMENT_TARGET = 13.2;
				MTL_ENABLE_DEBUG_INFO = INCLUDE_SOURCE;
				MTL_FAST_MATH = YES;
				ONLY_ACTIVE_ARCH = YES;
				SDKROOT = iphoneos;
				SWIFT_ACTIVE_COMPILATION_CONDITIONS = DEBUG;
				SWIFT_OPTIMIZATION_LEVEL = "-Onone";
			};
			name = Debug;
		};
		B95E2525244260AF00CEC4ED /* Release */ = {
			isa = XCBuildConfiguration;
			buildSettings = {
				ALWAYS_SEARCH_USER_PATHS = NO;
				CLANG_ANALYZER_NONNULL = YES;
				CLANG_ANALYZER_NUMBER_OBJECT_CONVERSION = YES_AGGRESSIVE;
				CLANG_CXX_LANGUAGE_STANDARD = "gnu++14";
				CLANG_CXX_LIBRARY = "libc++";
				CLANG_ENABLE_MODULES = YES;
				CLANG_ENABLE_OBJC_ARC = YES;
				CLANG_ENABLE_OBJC_WEAK = YES;
				CLANG_WARN_BLOCK_CAPTURE_AUTORELEASING = YES;
				CLANG_WARN_BOOL_CONVERSION = YES;
				CLANG_WARN_COMMA = YES;
				CLANG_WARN_CONSTANT_CONVERSION = YES;
				CLANG_WARN_DEPRECATED_OBJC_IMPLEMENTATIONS = YES;
				CLANG_WARN_DIRECT_OBJC_ISA_USAGE = YES_ERROR;
				CLANG_WARN_DOCUMENTATION_COMMENTS = YES;
				CLANG_WARN_EMPTY_BODY = YES;
				CLANG_WARN_ENUM_CONVERSION = YES;
				CLANG_WARN_INFINITE_RECURSION = YES;
				CLANG_WARN_INT_CONVERSION = YES;
				CLANG_WARN_NON_LITERAL_NULL_CONVERSION = YES;
				CLANG_WARN_OBJC_IMPLICIT_RETAIN_SELF = YES;
				CLANG_WARN_OBJC_LITERAL_CONVERSION = YES;
				CLANG_WARN_OBJC_ROOT_CLASS = YES_ERROR;
				CLANG_WARN_RANGE_LOOP_ANALYSIS = YES;
				CLANG_WARN_STRICT_PROTOTYPES = YES;
				CLANG_WARN_SUSPICIOUS_MOVE = YES;
				CLANG_WARN_UNGUARDED_AVAILABILITY = YES_AGGRESSIVE;
				CLANG_WARN_UNREACHABLE_CODE = YES;
				CLANG_WARN__DUPLICATE_METHOD_MATCH = YES;
				COPY_PHASE_STRIP = NO;
				DEBUG_INFORMATION_FORMAT = "dwarf-with-dsym";
				ENABLE_NS_ASSERTIONS = NO;
				ENABLE_STRICT_OBJC_MSGSEND = YES;
				GCC_C_LANGUAGE_STANDARD = gnu11;
				GCC_NO_COMMON_BLOCKS = YES;
				GCC_WARN_64_TO_32_BIT_CONVERSION = YES;
				GCC_WARN_ABOUT_RETURN_TYPE = YES_ERROR;
				GCC_WARN_UNDECLARED_SELECTOR = YES;
				GCC_WARN_UNINITIALIZED_AUTOS = YES_AGGRESSIVE;
				GCC_WARN_UNUSED_FUNCTION = YES;
				GCC_WARN_UNUSED_VARIABLE = YES;
				IPHONEOS_DEPLOYMENT_TARGET = 13.2;
				MTL_ENABLE_DEBUG_INFO = NO;
				MTL_FAST_MATH = YES;
				SDKROOT = iphoneos;
				SWIFT_COMPILATION_MODE = wholemodule;
				SWIFT_OPTIMIZATION_LEVEL = "-O";
				VALIDATE_PRODUCT = YES;
			};
			name = Release;
		};
		B95E2527244260AF00CEC4ED /* Debug */ = {
			isa = XCBuildConfiguration;
			buildSettings = {
				ASSETCATALOG_COMPILER_APPICON_NAME = AppIcon;
				CODE_SIGN_STYLE = Automatic;
				DEVELOPMENT_ASSET_PATHS = "\"Bookworm/Preview Content\"";
				DEVELOPMENT_TEAM = L6T2S9K4GS;
				ENABLE_PREVIEWS = YES;
				INFOPLIST_FILE = Bookworm/Info.plist;
				LD_RUNPATH_SEARCH_PATHS = (
					"$(inherited)",
					"@executable_path/Frameworks",
				);
				PRODUCT_BUNDLE_IDENTIFIER = me.Bily.Vyacheslav.Bookworm;
				PRODUCT_NAME = "$(TARGET_NAME)";
				SWIFT_VERSION = 5.0;
				TARGETED_DEVICE_FAMILY = "1,2";
			};
			name = Debug;
		};
		B95E2528244260AF00CEC4ED /* Release */ = {
			isa = XCBuildConfiguration;
			buildSettings = {
				ASSETCATALOG_COMPILER_APPICON_NAME = AppIcon;
				CODE_SIGN_STYLE = Automatic;
				DEVELOPMENT_ASSET_PATHS = "\"Bookworm/Preview Content\"";
				DEVELOPMENT_TEAM = L6T2S9K4GS;
				ENABLE_PREVIEWS = YES;
				INFOPLIST_FILE = Bookworm/Info.plist;
				LD_RUNPATH_SEARCH_PATHS = (
					"$(inherited)",
					"@executable_path/Frameworks",
				);
				PRODUCT_BUNDLE_IDENTIFIER = me.Bily.Vyacheslav.Bookworm;
				PRODUCT_NAME = "$(TARGET_NAME)";
				SWIFT_VERSION = 5.0;
				TARGETED_DEVICE_FAMILY = "1,2";
			};
			name = Release;
		};
/* End XCBuildConfiguration section */

/* Begin XCConfigurationList section */
		B95E250A244260A600CEC4ED /* Build configuration list for PBXProject "Bookworm" */ = {
			isa = XCConfigurationList;
			buildConfigurations = (
				B95E2524244260AF00CEC4ED /* Debug */,
				B95E2525244260AF00CEC4ED /* Release */,
			);
			defaultConfigurationIsVisible = 0;
			defaultConfigurationName = Release;
		};
		B95E2526244260AF00CEC4ED /* Build configuration list for PBXNativeTarget "Bookworm" */ = {
			isa = XCConfigurationList;
			buildConfigurations = (
				B95E2527244260AF00CEC4ED /* Debug */,
				B95E2528244260AF00CEC4ED /* Release */,
			);
			defaultConfigurationIsVisible = 0;
			defaultConfigurationName = Release;
		};
/* End XCConfigurationList section */

/* Begin XCRemoteSwiftPackageReference section */
		B95E25292442EEFF00CEC4ED /* XCRemoteSwiftPackageReference "CoreDataKit" */ = {
			isa = XCRemoteSwiftPackageReference;
			repositoryURL = "https://github.com/ragzy15/CoreDataKit.git";
			requirement = {
				kind = upToNextMajorVersion;
				minimumVersion = 2.0.0;
			};
		};
/* End XCRemoteSwiftPackageReference section */

/* Begin XCSwiftPackageProductDependency section */
		B95E252A2442EEFF00CEC4ED /* CoreDataKit */ = {
			isa = XCSwiftPackageProductDependency;
			package = B95E25292442EEFF00CEC4ED /* XCRemoteSwiftPackageReference "CoreDataKit" */;
			productName = CoreDataKit;
		};
/* End XCSwiftPackageProductDependency section */

/* Begin XCVersionGroup section */
		B95E2516244260A600CEC4ED /* Bookworm.xcdatamodeld */ = {
			isa = XCVersionGroup;
			children = (
				B95E2517244260A600CEC4ED /* Bookworm.xcdatamodel */,
			);
			currentVersion = B95E2517244260A600CEC4ED /* Bookworm.xcdatamodel */;
			path = Bookworm.xcdatamodeld;
			sourceTree = "<group>";
			versionGroupType = wrapper.xcdatamodel;
		};
/* End XCVersionGroup section */
	};
	rootObject = B95E2507244260A600CEC4ED /* Project object */;
}
